
Microsoft Visual Studio Solution File, Format Version 12.00
# Visual Studio Version 17
VisualStudioVersion = 17.3.32922.545
MinimumVisualStudioVersion = 10.0.40219.1
Project("{FAE04EC0-301F-11D3-BF4B-00C04F79EFBC}") = "vacation", "vacation\vacation.csproj", "{B98A8709-E566-41F5-A05B-07C9AE5C1F28}"
EndProject
Global
	GlobalSection(SolutionConfigurationPlatforms) = preSolution
		Debug|Any CPU = Debug|Any CPU
		Release|Any CPU = Release|Any CPU
	EndGlobalSection
	GlobalSection(ProjectConfigurationPlatforms) = postSolution
		{B98A8709-E566-41F5-A05B-07C9AE5C1F28}.Debug|Any CPU.ActiveCfg = Debug|Any CPU
		{B98A8709-E566-41F5-A05B-07C9AE5C1F28}.Debug|Any CPU.Build.0 = Debug|Any CPU
		{B98A8709-E566-41F5-A05B-07C9AE5C1F28}.Release|Any CPU.ActiveCfg = Release|Any CPU
		{B98A8709-E566-41F5-A05B-07C9AE5C1F28}.Release|Any CPU.Build.0 = Release|Any CPU
	EndGlobalSection
	GlobalSection(SolutionProperties) = preSolution
		HideSolutionNode = FALSE
	EndGlobalSection
	GlobalSection(ExtensibilityGlobals) = postSolution
		SolutionGuid = {D27C5A55-B600-4913-9ABF-607B2F1962E0}
	EndGlobalSection
EndGlobal
